{
  "requires": true,
  "lockfileVersion": 1,
  "dependencies": {
    "react-native-sound": {
      "version": "0.10.12",
      "resolved": "https://registry.npmjs.org/react-native-sound/-/react-native-sound-0.10.12.tgz",
      "integrity": "sha512-lhvzZ+ekNSHW9s4FjmxxGAQmd7yDT9FnHgJNP824cMyHRrTES/LgHnSOxES/1FWVoaQ8FdfbEHkWd2rN0G/L9A=="
    },
    "react-native-sound-playerview": {
      "version": "1.0.0",
      "resolved": "https://registry.npmjs.org/react-native-sound-playerview/-/react-native-sound-playerview-1.0.0.tgz",
      "integrity": "sha512-KdEs3egnQy2njjx2StR8CW9WDJiWpSpp50YoLrTaWfmSIeo3ROIIvh/hlbzxDxNTvn5tAq6VyvymIw52pDAMdQ==",
      "requires": {
        "react-native-sound": "*"
      }
    }
  }
}
