{
  "requires": true,
  "lockfileVersion": 1,
  "dependencies": {
    "linkify-it": {
      "version": "1.2.4",
      "resolved": "https://registry.npmjs.org/linkify-it/-/linkify-it-1.2.4.tgz",
      "integrity": "sha1-B3NSbDF8j9E71TTuHRgP+Iq/iBo=",
      "requires": {
        "uc.micro": "^1.0.1"
      }
    },
    "mdurl": {
      "version": "1.0.1",
      "resolved": "https://registry.npmjs.org/mdurl/-/mdurl-1.0.1.tgz",
      "integrity": "sha1-/oWy7HWlkDfyrf7BAP1sYBdhFS4="
    },
    "react-native-hyperlink": {
      "version": "0.0.14",
      "resolved": "https://registry.npmjs.org/react-native-hyperlink/-/react-native-hyperlink-0.0.14.tgz",
      "integrity": "sha1-E4u/5bQQZn0eN/BKK0cTFjqw7YE=",
      "requires": {
        "linkify-it": "^1.2.0",
        "mdurl": "^1.0.0"
      }
    },
    "uc.micro": {
      "version": "1.0.6",
      "resolved": "https://registry.npmjs.org/uc.micro/-/uc.micro-1.0.6.tgz",
      "integrity": "sha512-8Y75pvTYkLJW2hWQHXxoqRgV7qb9B+9vFEtidML+7koHUFapnVJAZ6cKs+Qjz5Aw3aZWHMC6u0wJE3At+nSGwA=="
    }
  }
}
